
Microsoft Visual Studio Solution File, Format Version 12.00
Project("{FAE04EC0-301F-11D3-BF4B-00C04F79EFBC}") = "Itds.CardActionsMicroservice.WebApi", "src\Itds.CardActionsMicroservice.WebApi\Itds.CardActionsMicroservice.WebApi.csproj", "{3B730D16-19A9-4FA2-8BDD-A96CC35E7FBA}"
EndProject
Project("{2150E333-8FDC-42A3-9474-1A3956D46DE8}") = "RepositoryConfig", "RepositoryConfig", "{892A3388-1D8F-4A5B-B105-619CD2B47717}"
	ProjectSection(SolutionItems) = preProject
		.dockerignore = .dockerignore
		.editorconfig = .editorconfig
		.gitignore = .gitignore
		Directory.Build.props = Directory.Build.props
		Directory.Packages.props = Directory.Packages.props
	EndProjectSection
EndProject
Project("{FAE04EC0-301F-11D3-BF4B-00C04F79EFBC}") = "Itds.CardActionsMicroservice.Business", "src\Itds.CardActionsMicroservice.Business\Itds.CardActionsMicroservice.Business.csproj", "{4609CFB0-2A44-4B26-81E0-B174B7D785AD}"
EndProject
Project("{2150E333-8FDC-42A3-9474-1A3956D46DE8}") = "docs", "docs", "{89FDC92B-8668-47B0-844A-39C028F49742}"
	ProjectSection(SolutionItems) = preProject
		README.md = README.md
	EndProjectSection
EndProject
Project("{2150E333-8FDC-42A3-9474-1A3956D46DE8}") = "test", "test", "{3ECE6CED-C934-4BB2-A973-FEE89A4F3212}"
EndProject
Project("{FAE04EC0-301F-11D3-BF4B-00C04F79EFBC}") = "Itds.CardActionsMicroservice.Business.Tests", "test\Itds.CardActionsMicroservice.Business.Tests\Itds.CardActionsMicroservice.Business.Tests.csproj", "{4D810610-D3BC-496D-A538-D96C81F00CE9}"
EndProject
Project("{FAE04EC0-301F-11D3-BF4B-00C04F79EFBC}") = "Itds.CardActionsMicroservice.WebApi.IntegrationTests", "test\Itds.CardActionsMicroservice.WebApi.IntegrationTests\Itds.CardActionsMicroservice.WebApi.IntegrationTests.csproj", "{DB547F1F-54B2-4B0E-96B2-EE9E7C034BC2}"
EndProject
Global
	GlobalSection(SolutionConfigurationPlatforms) = preSolution
		Debug|Any CPU = Debug|Any CPU
		Release|Any CPU = Release|Any CPU
	EndGlobalSection
	GlobalSection(ProjectConfigurationPlatforms) = postSolution
		{3B730D16-19A9-4FA2-8BDD-A96CC35E7FBA}.Debug|Any CPU.ActiveCfg = Debug|Any CPU
		{3B730D16-19A9-4FA2-8BDD-A96CC35E7FBA}.Debug|Any CPU.Build.0 = Debug|Any CPU
		{3B730D16-19A9-4FA2-8BDD-A96CC35E7FBA}.Release|Any CPU.ActiveCfg = Release|Any CPU
		{3B730D16-19A9-4FA2-8BDD-A96CC35E7FBA}.Release|Any CPU.Build.0 = Release|Any CPU
		{4609CFB0-2A44-4B26-81E0-B174B7D785AD}.Debug|Any CPU.ActiveCfg = Debug|Any CPU
		{4609CFB0-2A44-4B26-81E0-B174B7D785AD}.Debug|Any CPU.Build.0 = Debug|Any CPU
		{4609CFB0-2A44-4B26-81E0-B174B7D785AD}.Release|Any CPU.ActiveCfg = Release|Any CPU
		{4609CFB0-2A44-4B26-81E0-B174B7D785AD}.Release|Any CPU.Build.0 = Release|Any CPU
		{4D810610-D3BC-496D-A538-D96C81F00CE9}.Debug|Any CPU.ActiveCfg = Debug|Any CPU
		{4D810610-D3BC-496D-A538-D96C81F00CE9}.Debug|Any CPU.Build.0 = Debug|Any CPU
		{4D810610-D3BC-496D-A538-D96C81F00CE9}.Release|Any CPU.ActiveCfg = Release|Any CPU
		{4D810610-D3BC-496D-A538-D96C81F00CE9}.Release|Any CPU.Build.0 = Release|Any CPU
		{DB547F1F-54B2-4B0E-96B2-EE9E7C034BC2}.Debug|Any CPU.ActiveCfg = Debug|Any CPU
		{DB547F1F-54B2-4B0E-96B2-EE9E7C034BC2}.Debug|Any CPU.Build.0 = Debug|Any CPU
		{DB547F1F-54B2-4B0E-96B2-EE9E7C034BC2}.Release|Any CPU.ActiveCfg = Release|Any CPU
		{DB547F1F-54B2-4B0E-96B2-EE9E7C034BC2}.Release|Any CPU.Build.0 = Release|Any CPU
	EndGlobalSection
	GlobalSection(NestedProjects) = preSolution
		{4D810610-D3BC-496D-A538-D96C81F00CE9} = {3ECE6CED-C934-4BB2-A973-FEE89A4F3212}
		{DB547F1F-54B2-4B0E-96B2-EE9E7C034BC2} = {3ECE6CED-C934-4BB2-A973-FEE89A4F3212}
	EndGlobalSection
EndGlobal
