
Microsoft Visual Studio Solution File, Format Version 12.00
Project("{FAE04EC0-301F-11D3-BF4B-00C04F79EFBC}") = "CardActionsApp.WebApi", "src\CardActionsApp.WebApi\CardActionsApp.WebApi.csproj", "{3B730D16-19A9-4FA2-8BDD-A96CC35E7FBA}"
EndProject
Project("{2150E333-8FDC-42A3-9474-1A3956D46DE8}") = "RepositoryConfig", "RepositoryConfig", "{892A3388-1D8F-4A5B-B105-619CD2B47717}"
	ProjectSection(SolutionItems) = preProject
		.dockerignore = .dockerignore
		.editorconfig = .editorconfig
		.gitignore = .gitignore
		Directory.Build.props = Directory.Build.props
		Directory.Packages.props = Directory.Packages.props
	EndProjectSection
EndProject
Project("{FAE04EC0-301F-11D3-BF4B-00C04F79EFBC}") = "CardActionsApp.WebApi.Tests", "src\CardActionsApp.WebApi.Tests\CardActionsApp.WebApi.Tests.csproj", "{37B03465-4089-4517-8E57-651A3C7F0080}"
EndProject
Project("{FAE04EC0-301F-11D3-BF4B-00C04F79EFBC}") = "CardActionsApp.Business", "src\CardActionsApp.Business\CardActionsApp.Business.csproj", "{4609CFB0-2A44-4B26-81E0-B174B7D785AD}"
EndProject
Project("{FAE04EC0-301F-11D3-BF4B-00C04F79EFBC}") = "CardActionsApp.Business.Tests", "src\CardActionsApp.Business.Tests\CardActionsApp.Business.Tests.csproj", "{224397A6-7342-45C5-BCD1-307FEC7BA892}"
EndProject
Project("{FAE04EC0-301F-11D3-BF4B-00C04F79EFBC}") = "CardActionsApp.WebApi.IntegrationTests", "CardActionsApp.WebApi.IntegrationTests\CardActionsApp.WebApi.IntegrationTests.csproj", "{5F68E074-9DB4-4C73-8C9D-EE239865E60D}"
EndProject
Global
	GlobalSection(SolutionConfigurationPlatforms) = preSolution
		Debug|Any CPU = Debug|Any CPU
		Release|Any CPU = Release|Any CPU
	EndGlobalSection
	GlobalSection(ProjectConfigurationPlatforms) = postSolution
		{3B730D16-19A9-4FA2-8BDD-A96CC35E7FBA}.Debug|Any CPU.ActiveCfg = Debug|Any CPU
		{3B730D16-19A9-4FA2-8BDD-A96CC35E7FBA}.Debug|Any CPU.Build.0 = Debug|Any CPU
		{3B730D16-19A9-4FA2-8BDD-A96CC35E7FBA}.Release|Any CPU.ActiveCfg = Release|Any CPU
		{3B730D16-19A9-4FA2-8BDD-A96CC35E7FBA}.Release|Any CPU.Build.0 = Release|Any CPU
		{37B03465-4089-4517-8E57-651A3C7F0080}.Debug|Any CPU.ActiveCfg = Debug|Any CPU
		{37B03465-4089-4517-8E57-651A3C7F0080}.Debug|Any CPU.Build.0 = Debug|Any CPU
		{37B03465-4089-4517-8E57-651A3C7F0080}.Release|Any CPU.ActiveCfg = Release|Any CPU
		{37B03465-4089-4517-8E57-651A3C7F0080}.Release|Any CPU.Build.0 = Release|Any CPU
		{4609CFB0-2A44-4B26-81E0-B174B7D785AD}.Debug|Any CPU.ActiveCfg = Debug|Any CPU
		{4609CFB0-2A44-4B26-81E0-B174B7D785AD}.Debug|Any CPU.Build.0 = Debug|Any CPU
		{4609CFB0-2A44-4B26-81E0-B174B7D785AD}.Release|Any CPU.ActiveCfg = Release|Any CPU
		{4609CFB0-2A44-4B26-81E0-B174B7D785AD}.Release|Any CPU.Build.0 = Release|Any CPU
		{224397A6-7342-45C5-BCD1-307FEC7BA892}.Debug|Any CPU.ActiveCfg = Debug|Any CPU
		{224397A6-7342-45C5-BCD1-307FEC7BA892}.Debug|Any CPU.Build.0 = Debug|Any CPU
		{224397A6-7342-45C5-BCD1-307FEC7BA892}.Release|Any CPU.ActiveCfg = Release|Any CPU
		{224397A6-7342-45C5-BCD1-307FEC7BA892}.Release|Any CPU.Build.0 = Release|Any CPU
		{5F68E074-9DB4-4C73-8C9D-EE239865E60D}.Debug|Any CPU.ActiveCfg = Debug|Any CPU
		{5F68E074-9DB4-4C73-8C9D-EE239865E60D}.Debug|Any CPU.Build.0 = Debug|Any CPU
		{5F68E074-9DB4-4C73-8C9D-EE239865E60D}.Release|Any CPU.ActiveCfg = Release|Any CPU
		{5F68E074-9DB4-4C73-8C9D-EE239865E60D}.Release|Any CPU.Build.0 = Release|Any CPU
	EndGlobalSection
EndGlobal
